{
    "_readme": [
        "This file locks the dependencies of your project to a known state",
        "Read more about it at https://getcomposer.org/doc/01-basic-usage.md#installing-dependencies",
        "This file is @generated automatically"
    ],
    "content-hash": "edb09d6c2e7e71f4f8052b090148964f",
    "packages": [
        {
            "name": "firebase/php-jwt",
            "version": "v6.10.0",
            "source": {
                "type": "git",
                "url": "https://github.com/firebase/php-jwt.git",
                "reference": "a49db6f0a5033aef5143295342f1c95521b075ff"
            },
            "dist": {
                "type": "zip",
                "url": "https://api.github.com/repos/firebase/php-jwt/zipball/a49db6f0a5033aef5143295342f1c95521b075ff",
                "reference": "a49db6f0a5033aef5143295342f1c95521b075ff",
                "shasum": ""
            },
            "require": {
                "php": "^7.4||^8.0"
            },
            "require-dev": {
                "guzzlehttp/guzzle": "^6.5||^7.4",
                "phpspec/prophecy-phpunit": "^2.0",
                "phpunit/phpunit": "^9.5",
                "psr/cache": "^1.0||^2.0",
                "psr/http-client": "^1.0",
                "psr/http-factory": "^1.0"
            },
            "suggest": {
                "ext-sodium": "Support EdDSA (Ed25519) signatures",
                "paragonie/sodium_compat": "Support EdDSA (Ed25519) signatures when libsodium is not present"
            },
            "type": "library",
            "autoload": {
                "psr-4": {
                    "Firebase\\JWT\\": "src"
                }
            },
            "notification-url": "https://packagist.org/downloads/",
            "license": [
                "BSD-3-Clause"
            ],
            "authors": [
                {
                    "name": "Neuman Vong",
                    "email": "neuman+pear@twilio.com",
                    "role": "Developer"
                },
                {
                    "name": "Anant Narayanan",
                    "email": "anant@php.net",
                    "role": "Developer"
                }
            ],
            "description": "A simple library to encode and decode JSON Web Tokens (JWT) in PHP. Should conform to the current spec.",
            "homepage": "https://github.com/firebase/php-jwt",
            "keywords": [
                "jwt",
                "php"
            ],
            "support": {
                "issues": "https://github.com/firebase/php-jwt/issues",
                "source": "https://github.com/firebase/php-jwt/tree/v6.10.0"
            },
            "time": "2023-12-01T16:26:39+00:00"
        },
        {
            "name": "jpi/database",
            "version": "2.x-dev",
            "source": {
                "type": "git",
                "url": "https://github.com/jahidulpabelislam/database.git",
                "reference": "ddd169538486c8c3ff8d39d789beee3af465b8d8"
            },
            "dist": {
                "type": "zip",
                "url": "https://api.github.com/repos/jahidulpabelislam/database/zipball/ddd169538486c8c3ff8d39d789beee3af465b8d8",
                "reference": "ddd169538486c8c3ff8d39d789beee3af465b8d8",
                "shasum": ""
            },
            "require": {
                "ext-pdo": "*",
                "php": "^7.1 || ^8.0"
            },
            "require-dev": {
                "jpi/codestyles": "^1.0"
            },
            "default-branch": true,
            "type": "library",
            "autoload": {
                "psr-4": {
                    "JPI\\": "src/"
                }
            },
            "notification-url": "https://packagist.org/downloads/",
            "license": [
                "GPL-3.0-only"
            ],
            "authors": [
                {
                    "name": "Jahidul Pabel Islam",
                    "email": "me@jahidulpabelislam.com"
                }
            ],
            "description": "Simple extension to PDO",
            "keywords": [
                "database",
                "db",
                "mysql",
                "pdo"
            ],
            "support": {
                "issues": "https://github.com/jahidulpabelislam/database/issues",
                "source": "https://github.com/jahidulpabelislam/database/tree/2.x"
            },
            "time": "2024-04-13T11:13:22+00:00"
        },
        {
            "name": "jpi/http",
            "version": "1.x-dev",
            "source": {
                "type": "git",
                "url": "https://github.com/jahidulpabelislam/http.git",
                "reference": "1d0785f9f063a27785eae44b40b7679e66665701"
            },
            "dist": {
                "type": "zip",
                "url": "https://api.github.com/repos/jahidulpabelislam/http/zipball/1d0785f9f063a27785eae44b40b7679e66665701",
                "reference": "1d0785f9f063a27785eae44b40b7679e66665701",
                "shasum": ""
            },
            "require": {
                "ext-json": "*",
                "jpi/utils": "^0.9",
                "php": "^8.0"
            },
            "require-dev": {
                "jpi/codestyles": "^1.0.1"
            },
            "default-branch": true,
            "type": "library",
            "autoload": {
                "psr-4": {
                    "JPI\\HTTP\\": "src/"
                }
            },
            "license": [
                "GPL-3.0-only"
            ],
            "authors": [
                {
                    "name": "Jahidul Pabel Islam",
                    "email": "me@jahidulpabelislam.com"
                }
            ],
            "description": "Basic HTTP implementation",
            "keywords": [
                "http"
            ],
            "support": {
                "source": "https://github.com/jahidulpabelislam/http/tree/v1.0.0-beta.7",
                "issues": "https://github.com/jahidulpabelislam/http/issues"
            },
            "time": "2024-02-16T23:31:47+00:00"
        },
        {
            "name": "jpi/orm",
            "version": "2.x-dev",
            "source": {
                "type": "git",
                "url": "https://github.com/jahidulpabelislam/orm.git",
                "reference": "51c02c8c43ec5ce4d3bd4e05c26096978351816d"
            },
            "dist": {
                "type": "zip",
                "url": "https://api.github.com/repos/jahidulpabelislam/orm/zipball/51c02c8c43ec5ce4d3bd4e05c26096978351816d",
                "reference": "51c02c8c43ec5ce4d3bd4e05c26096978351816d",
                "shasum": ""
            },
            "require": {
                "jpi/database": "^2.0",
                "jpi/query": "^2.0",
                "jpi/utils": "^0.9",
                "php": "^8.0"
            },
            "require-dev": {
                "jpi/codestyles": "^1.0.1"
            },
            "type": "library",
            "autoload": {
                "psr-4": {
                    "JPI\\ORM\\": "src/"
                }
            },
            "notification-url": "https://packagist.org/downloads/",
            "license": [
                "GPL-3.0-only"
            ],
            "authors": [
                {
                    "name": "Jahidul Pabel Islam",
                    "email": "me@jahidulpabelislam.com"
                }
            ],
            "description": "Simple & lightweight ORM",
            "keywords": [
                "database",
                "entity",
                "model",
                "mysql",
                "orm",
                "query",
                "sql"
            ],
            "support": {
                "issues": "https://github.com/jahidulpabelislam/orm/issues",
                "source": "https://github.com/jahidulpabelislam/orm/tree/2.x"
            },
            "time": "2024-04-13T15:17:50+00:00"
        },
        {
            "name": "jpi/query",
            "version": "2.x-dev",
            "source": {
                "type": "git",
                "url": "https://github.com/jahidulpabelislam/query.git",
                "reference": "9ee6a4b04ad855fcce1078a9c9246cd1c0e9a394"
            },
            "dist": {
                "type": "zip",
                "url": "https://api.github.com/repos/jahidulpabelislam/query/zipball/9ee6a4b04ad855fcce1078a9c9246cd1c0e9a394",
                "reference": "9ee6a4b04ad855fcce1078a9c9246cd1c0e9a394",
                "shasum": ""
            },
            "require": {
                "jpi/database": "^2.0",
                "jpi/utils": "^0.9.3",
                "php": "^8.0"
            },
            "require-dev": {
                "jpi/codestyles": "^1.0",
                "phpunit/phpunit": "^9.0"
            },
            "default-branch": true,
            "type": "library",
            "autoload": {
                "psr-4": {
                    "JPI\\Database\\Query\\": "src/",
                    "JPI\\Database\\Query\\Tests\\": "tests/"
                }
            },
            "notification-url": "https://packagist.org/downloads/",
            "license": [
                "GPL-3.0-only"
            ],
            "authors": [
                {
                    "name": "Jahidul Pabel Islam",
                    "email": "me@jahidulpabelislam.com"
                }
            ],
            "description": "Library to simplify querying a database",
            "keywords": [
                "database",
                "db",
                "mysql",
                "query",
                "sql"
            ],
            "support": {
                "issues": "https://github.com/jahidulpabelislam/query/issues",
                "source": "https://github.com/jahidulpabelislam/query/tree/2.x"
            },
            "time": "2024-04-13T11:13:56+00:00"
        },
        {
            "name": "jpi/utils",
            "version": "0.x-dev",
            "source": {
                "type": "git",
                "url": "https://github.com/jahidulpabelislam/utils.git",
                "reference": "5dd01f10244e35ee79c113b463711d1f4ffe82f1"
            },
            "dist": {
                "type": "zip",
                "url": "https://api.github.com/repos/jahidulpabelislam/utils/zipball/5dd01f10244e35ee79c113b463711d1f4ffe82f1",
                "reference": "5dd01f10244e35ee79c113b463711d1f4ffe82f1",
                "shasum": ""
            },
            "require": {
                "php": "^8.0"
            },
            "require-dev": {
                "jpi/codestyles": "^1.0.1",
                "phpunit/phpunit": "^9.0"
            },
            "default-branch": true,
            "type": "library",
            "autoload": {
                "psr-4": {
                    "JPI\\Utils\\": "src/",
                    "JPI\\Utils\\Tests\\": "tests/"
                }
            },
            "notification-url": "https://packagist.org/downloads/",
            "license": [
                "GPL-3.0-only"
            ],
            "authors": [
                {
                    "name": "Jahidul Pabel Islam",
                    "email": "me@jahidulpabelislam.com"
                }
            ],
            "description": "Library with various utility classes",
            "keywords": [
                "collection",
                "helpers",
                "singleton",
                "url",
                "utilities",
                "utility"
            ],
            "support": {
                "issues": "https://github.com/jahidulpabelislam/utils/issues",
                "source": "https://github.com/jahidulpabelislam/utils/tree/v0.9.3"
            },
            "time": "2023-10-04T20:09:46+00:00"
        }
    ],
    "packages-dev": [],
    "aliases": [
        {
            "package": "jpi/database",
            "version": "2.9999999.9999999.9999999-dev",
            "alias": "2",
            "alias_normalized": "2.0.0.0"
        },
        {
            "package": "jpi/orm",
            "version": "2.9999999.9999999.9999999-dev",
            "alias": "2",
            "alias_normalized": "2.0.0.0"
        },
        {
            "package": "jpi/query",
            "version": "2.9999999.9999999.9999999-dev",
            "alias": "2",
            "alias_normalized": "2.0.0.0"
        },
        {
            "package": "jpi/utils",
            "version": "0.9999999.9999999.9999999-dev",
            "alias": "0.9.3",
            "alias_normalized": "0.9.3.0"
        }
    ],
    "minimum-stability": "stable",
    "stability-flags": {
        "jpi/utils": 20,
        "jpi/database": 20,
        "jpi/query": 20,
        "jpi/orm": 20,
        "jpi/http": 20
    },
    "prefer-stable": false,
    "prefer-lowest": false,
    "platform": {
        "php": "^8.0",
        "ext-fileinfo": "*",
        "ext-json": "*",
        "ext-pdo": "*"
    },
    "platform-dev": [],
    "plugin-api-version": "2.6.0"
}
